
Microsoft Visual Studio Solution File, Format Version 12.00
# Visual Studio Version 16
VisualStudioVersion = 16.0.34114.132
MinimumVisualStudioVersion = 10.0.40219.1
Project("{FAE04EC0-301F-11D3-BF4B-00C04F79EFBC}") = "CarsNoviSad", "CarsNoviSad\CarsNoviSad.csproj", "{E4468A37-D4E5-42F1-B047-AC3995C72FC8}"
EndProject
Global
	GlobalSection(SolutionConfigurationPlatforms) = preSolution
		Debug|Any CPU = Debug|Any CPU
		Release|Any CPU = Release|Any CPU
	EndGlobalSection
	GlobalSection(ProjectConfigurationPlatforms) = postSolution
		{E4468A37-D4E5-42F1-B047-AC3995C72FC8}.Debug|Any CPU.ActiveCfg = Debug|Any CPU
		{E4468A37-D4E5-42F1-B047-AC3995C72FC8}.Debug|Any CPU.Build.0 = Debug|Any CPU
		{E4468A37-D4E5-42F1-B047-AC3995C72FC8}.Release|Any CPU.ActiveCfg = Release|Any CPU
		{E4468A37-D4E5-42F1-B047-AC3995C72FC8}.Release|Any CPU.Build.0 = Release|Any CPU
	EndGlobalSection
	GlobalSection(SolutionProperties) = preSolution
		HideSolutionNode = FALSE
	EndGlobalSection
	GlobalSection(ExtensibilityGlobals) = postSolution
		SolutionGuid = {40CB8FEA-D502-4244-887B-463BF51866FF}
	EndGlobalSection
EndGlobal
